Microsoft Visual Studio Solution File, Format Version 12.00
# Visual Studio Version 17
VisualStudioVersion = 17.9.34714.143
MinimumVisualStudioVersion = 10.0.40219.1
Project("{b1b06f4a-0a3d-4fa1-8f01-d462334c17b9}") = "Jellyfin.Plugin.Aleator", "Jellyfin.Plugin.Aleator\Jellyfin.Plugin.Aleator.csproj", "{e9a8b6c0-3a6b-4e1e-a7e6-63d03a45893b}"
EndProject
Global
	GlobalSection(SolutionConfigurationPlatforms) = preSolution
		Debug|Any CPU = Debug|Any CPU
		Debug|x64 = Debug|x64
		Release|Any CPU = Release|Any CPU
		Release|x64 = Release|x64
	EndGlobalSection
	GlobalSection(ProjectConfigurationPlatforms) = postSolution
		{e9a8b6c0-3a6b-4e1e-a7e6-63d03a45893b}.Debug|Any CPU.ActiveCfg = Debug|Any CPU
		{e9a8b6c0-3a6b-4e1e-a7e6-63d03a45893b}.Debug|Any CPU.Build.0 = Debug|Any CPU
		{e9a8b6c0-3a6b-4e1e-a7e6-63d03a45893b}.Debug|x64.ActiveCfg = Debug|Any CPU
		{e9a8b6c0-3a6b-4e1e-a7e6-63d03a45893b}.Debug|x64.Build.0 = Debug|Any CPU
		{e9a8b6c0-3a6b-4e1e-a7e6-63d03a45893b}.Release|Any CPU.ActiveCfg = Release|Any CPU
		{e9a8b6c0-3a6b-4e1e-a7e6-63d03a45893b}.Release|Any CPU.Build.0 = Release|Any CPU
		{e9a8b6c0-3a6b-4e1e-a7e6-63d03a45893b}.Release|x64.ActiveCfg = Release|Any CPU
		{e9a8b6c0-3a6b-4e1e-a7e6-63d03a45893b}.Release|x64.Build.0 = Release|Any CPU
	EndGlobalSection
	GlobalSection(SolutionProperties) = preSolution
		HideSolutionNode = FALSE
	EndGlobalSection
	GlobalSection(ExtensibilityGlobals) = postSolution
		SolutionGuid = {d2a55e57-e62c-4ac1-b0b5-8a2a5e8ed3c1}
	EndGlobalSection
EndGlobal
